
Microsoft Visual Studio Solution File, Format Version 12.00
# Visual Studio Version 17
VisualStudioVersion = 17.9.34607.119
MinimumVisualStudioVersion = 10.0.40219.1
Project("{FAE04EC0-301F-11D3-BF4B-00C04F79EFBC}") = "Mission11_JacobBigler", "Mission11_JacobBigler.csproj", "{0A9C429B-A605-40CB-B366-A86D8181C97C}"
EndProject
Global
	GlobalSection(SolutionConfigurationPlatforms) = preSolution
		Debug|Any CPU = Debug|Any CPU
		Release|Any CPU = Release|Any CPU
	EndGlobalSection
	GlobalSection(ProjectConfigurationPlatforms) = postSolution
		{0A9C429B-A605-40CB-B366-A86D8181C97C}.Debug|Any CPU.ActiveCfg = Debug|Any CPU
		{0A9C429B-A605-40CB-B366-A86D8181C97C}.Debug|Any CPU.Build.0 = Debug|Any CPU
		{0A9C429B-A605-40CB-B366-A86D8181C97C}.Release|Any CPU.ActiveCfg = Release|Any CPU
		{0A9C429B-A605-40CB-B366-A86D8181C97C}.Release|Any CPU.Build.0 = Release|Any CPU
	EndGlobalSection
	GlobalSection(SolutionProperties) = preSolution
		HideSolutionNode = FALSE
	EndGlobalSection
	GlobalSection(ExtensibilityGlobals) = postSolution
		SolutionGuid = {AAA042A8-051E-4973-80BC-3F5BD24C8A64}
	EndGlobalSection
EndGlobal
